# platform: win-64
# env_hash: f4828cde9faaa7c105e392e26fc974003ff1a948e3130eb4e72eee60f49dc1af
@EXPLICIT
https://repo.anaconda.com/pkgs/main/win-64/ca-certificates-2021.5.25-haa95532_1.conda#cf8f56c0f6d5a547bdc1c2144a3c2b09
https://repo.anaconda.com/pkgs/main/win-64/vs2015_runtime-14.27.29016-h5e58377_2.conda#9e3f8ea1096e174541ac86f5fc73fc3d
https://repo.anaconda.com/pkgs/main/win-64/vc-14.2-h21ff451_1.conda#a8c870bfc2551c262800527f2107d0f3
https://repo.anaconda.com/pkgs/main/win-64/openssl-1.1.1k-h2bbff1b_0.conda#6c6a8648d1e7960e8f7881d603065d14
https://repo.anaconda.com/pkgs/main/win-64/sqlite-3.35.4-h2bbff1b_0.conda#b9055bfea3c8b6a0169181b6680bef24
https://repo.anaconda.com/pkgs/main/win-64/python-3.8.10-hdbf39b2_7.conda#b8b85ea6226ce55bdb99ccb5269e5fe6
https://repo.anaconda.com/pkgs/main/win-64/certifi-2021.5.30-py38haa95532_0.conda#69ca2f4e1cc8dbb89f0675e78f1002f1
https://repo.anaconda.com/pkgs/main/noarch/itsdangerous-2.0.1-pyhd3eb1b0_0.conda#c7850bc75cded6e6c0e17733aa6d0436
https://repo.anaconda.com/pkgs/main/win-64/markupsafe-2.0.1-py38h2bbff1b_0.conda#d95ced0d071885d96ae55fa196b82e74
https://repo.anaconda.com/pkgs/main/noarch/tqdm-4.59.0-pyhd3eb1b0_1.conda#5420184f4097c7a3c46892fa5abb5c21
https://repo.anaconda.com/pkgs/main/noarch/werkzeug-1.0.1-pyhd3eb1b0_0.tar.bz2#855ae785dd316068d0b6cd3a5a5d2939
https://repo.anaconda.com/pkgs/main/win-64/wincertstore-0.2-py38_0.conda#b4dd4690d318c0532f3d198486a54a2f
https://repo.anaconda.com/pkgs/main/noarch/zipp-3.4.1-pyhd3eb1b0_0.conda#0c647479e59d235ee8bfaca0689b4eba
https://repo.anaconda.com/pkgs/main/win-64/importlib-metadata-3.10.0-py38haa95532_0.conda#abbc79b27530474d3604a4193c5521b3
https://repo.anaconda.com/pkgs/main/win-64/setuptools-52.0.0-py38haa95532_0.conda#532c30c6856a92c2dc9f297cf930cb75
https://repo.anaconda.com/pkgs/main/noarch/click-8.0.1-pyhd3eb1b0_0.conda#b9107c94b10ed3429aee85a2d77629c8
https://repo.anaconda.com/pkgs/main/noarch/jinja2-3.0.0-pyhd3eb1b0_0.conda#ad74a3cdc7aaa5d94b43f9530381d94d
https://repo.anaconda.com/pkgs/main/noarch/flask-1.1.2-pyhd3eb1b0_0.tar.bz2#eee9d2de0a27685197801b09c37b4762
